
Microsoft Visual Studio Solution File, Format Version 12.00
# Visual Studio Version 16
VisualStudioVersion = 16.0.32228.343
MinimumVisualStudioVersion = 10.0.40219.1
Project("{FAE04EC0-301F-11D3-BF4B-00C04F79EFBC}") = "Calculator2", "Calculator2\Calculator2.csproj", "{EA6DAA0D-1530-413A-91A3-ED0C56D25465}"
EndProject
Global
	GlobalSection(SolutionConfigurationPlatforms) = preSolution
		Debug|Any CPU = Debug|Any CPU
		Release|Any CPU = Release|Any CPU
	EndGlobalSection
	GlobalSection(ProjectConfigurationPlatforms) = postSolution
		{EA6DAA0D-1530-413A-91A3-ED0C56D25465}.Debug|Any CPU.ActiveCfg = Debug|Any CPU
		{EA6DAA0D-1530-413A-91A3-ED0C56D25465}.Debug|Any CPU.Build.0 = Debug|Any CPU
		{EA6DAA0D-1530-413A-91A3-ED0C56D25465}.Release|Any CPU.ActiveCfg = Release|Any CPU
		{EA6DAA0D-1530-413A-91A3-ED0C56D25465}.Release|Any CPU.Build.0 = Release|Any CPU
	EndGlobalSection
	GlobalSection(SolutionProperties) = preSolution
		HideSolutionNode = FALSE
	EndGlobalSection
	GlobalSection(ExtensibilityGlobals) = postSolution
		SolutionGuid = {864AC5C4-1125-431B-B49A-480C81D2E990}
	EndGlobalSection
EndGlobal
